
Microsoft Visual Studio Solution File, Format Version 12.00
# Visual Studio Version 16
VisualStudioVersion = 16.0.29709.97
MinimumVisualStudioVersion = 10.0.40219.1
Project("{2150E333-8FDC-42A3-9474-1A3956D46DE8}") = "Solution Items", "Solution Items", "{AF8E7015-B860-4ED9-8A76-2ED081724475}"
	ProjectSection(SolutionItems) = preProject
		_ReadMe.txt = _ReadMe.txt
	EndProjectSection
EndProject
Project("{2150E333-8FDC-42A3-9474-1A3956D46DE8}") = "API", "API", "{7E66F5BF-E900-47C9-B96C-87A5C162A254}"
EndProject
Project("{2150E333-8FDC-42A3-9474-1A3956D46DE8}") = "STS", "STS", "{B66954EC-A220-4097-943B-35AD36DE55BD}"
EndProject
Project("{2150E333-8FDC-42A3-9474-1A3956D46DE8}") = "Helper", "Helper", "{B402B1A9-7120-4FD6-A0D7-2D4F061E2C6D}"
EndProject
Project("{9A19103F-16F7-4668-BE54-9A1E7A4F7556}") = "Employment.API", "Tadrebat.API\Employment.API.csproj", "{43385E7A-6070-4DAC-B6D4-D472AE80B5F8}"
EndProject
Project("{9A19103F-16F7-4668-BE54-9A1E7A4F7556}") = "Employment.Enum", "Tadrebat.Enum\Employment.Enum.csproj", "{88BED931-94E8-4F73-AA6C-F947AF9E4177}"
EndProject
Project("{9A19103F-16F7-4668-BE54-9A1E7A4F7556}") = "Employment.Interface", "Tadrebat.Interface\Employment.Interface.csproj", "{60F865CB-7A66-4540-B493-9302557CDD9C}"
EndProject
Project("{9A19103F-16F7-4668-BE54-9A1E7A4F7556}") = "Employment.ModelsGlobal", "Tadrebat.ModelsGlobal\Employment.ModelsGlobal.csproj", "{60DE70E6-A048-4A27-80CE-FC5F5A6566E5}"
EndProject
Project("{2150E333-8FDC-42A3-9474-1A3956D46DE8}") = "Services", "Services", "{3D30E8A9-61F3-46A7-BA3F-40C954AF9A96}"
	ProjectSection(SolutionItems) = preProject
		C:\Users\sanay_shukla\.nuget\packages\symspell\6.7.1\contentFiles\any\netcoreapp3.0\frequency_bigramdictionary_en_243_342.txt = C:\Users\sanay_shukla\.nuget\packages\symspell\6.7.1\contentFiles\any\netcoreapp3.0\frequency_bigramdictionary_en_243_342.txt
	EndProjectSection
EndProject
Project("{9A19103F-16F7-4668-BE54-9A1E7A4F7556}") = "Employment.Services", "Tadrebat.Services\Employment.Services.csproj", "{A778458E-D56B-4722-B03E-8D2FBB6829CB}"
EndProject
Project("{9A19103F-16F7-4668-BE54-9A1E7A4F7556}") = "Employment.STS", "Tadrebat.STS\Employment.STS.csproj", "{B9DA834A-CDED-405F-AB25-2CDABA2E236A}"
EndProject
Project("{9A19103F-16F7-4668-BE54-9A1E7A4F7556}") = "Employment.Notification", "Tadrebat.NotificationEmail\Employment.Notification.csproj", "{28268E0A-9286-4D64-A163-EA843E67BED3}"
EndProject
Project("{2150E333-8FDC-42A3-9474-1A3956D46DE8}") = "DataLayer", "DataLayer", "{3C60BDEA-A553-460F-AC0C-A083A913219C}"
EndProject
Project("{9A19103F-16F7-4668-BE54-9A1E7A4F7556}") = "Employment.Entity", "Tadrebat.Entity\Employment.Entity.csproj", "{E019E1C7-BD95-4EC4-BEDA-9E8727A2AC42}"
EndProject
Project("{9A19103F-16F7-4668-BE54-9A1E7A4F7556}") = "Employment.Mongo.DataLayer", "Tadrebat.Mongo.DataLayer\Employment.Mongo.DataLayer.csproj", "{07869E0C-EBB9-4625-B163-2A58EBAC97D4}"
EndProject
Project("{9A19103F-16F7-4668-BE54-9A1E7A4F7556}") = "Employment.MongoDB.Interface", "Tadrebat.MongoDB.Interface\Employment.MongoDB.Interface.csproj", "{9DB77391-584E-49C3-B31F-11D15D781966}"
EndProject
Project("{2150E333-8FDC-42A3-9474-1A3956D46DE8}") = "zTesting", "zTesting", "{B1F91035-57CE-4894-8357-E68A0B67332D}"
EndProject
Project("{9A19103F-16F7-4668-BE54-9A1E7A4F7556}") = "SampeTesting", "SampeTesting\SampeTesting.csproj", "{7112091D-1B19-432C-BE54-4AC13833079A}"
EndProject
Project("{9A19103F-16F7-4668-BE54-9A1E7A4F7556}") = "Test", "Test\Test.csproj", "{3D4CB86F-8D70-4AB3-9FCD-A71CBAE878B0}"
EndProject
Project("{2150E333-8FDC-42A3-9474-1A3956D46DE8}") = "Apps", "Apps", "{01384AC0-0834-4271-B1F4-AE998A51AF5C}"
EndProject
Project("{9A19103F-16F7-4668-BE54-9A1E7A4F7556}") = "UpdateExpiredJobs", "UpdateExpiredJobs\UpdateExpiredJobs.csproj", "{7A8BBCAE-2CAC-4A20-8B56-0D07280CD258}"
EndProject
Project("{9A19103F-16F7-4668-BE54-9A1E7A4F7556}") = "SimpleCaptcha", "SimpleCaptcha\SimpleCaptcha\SimpleCaptcha.csproj", "{F7C5BDE1-F570-497C-AA53-D01D3B843D41}"
EndProject
Project("{9A19103F-16F7-4668-BE54-9A1E7A4F7556}") = "Employment.Persistance", "Tadrebat.Persistance\Employment.Persistance.csproj", "{79DD9BAE-F5CF-4740-9241-103D8FBAA4DE}"
EndProject
Project("{9A19103F-16F7-4668-BE54-9A1E7A4F7556}") = "Employment.Cache", "Tadrebat.Cache\Employment.Cache.csproj", "{E14CA43E-7576-4073-83CA-22BE6A8D0B26}"
EndProject
Global
	GlobalSection(SolutionConfigurationPlatforms) = preSolution
		Debug|Any CPU = Debug|Any CPU
		Debug|x64 = Debug|x64
		Debug|x86 = Debug|x86
		Release|Any CPU = Release|Any CPU
		Release|x64 = Release|x64
		Release|x86 = Release|x86
	EndGlobalSection
	GlobalSection(ProjectConfigurationPlatforms) = postSolution
		{43385E7A-6070-4DAC-B6D4-D472AE80B5F8}.Debug|Any CPU.ActiveCfg = Debug|Any CPU
		{43385E7A-6070-4DAC-B6D4-D472AE80B5F8}.Debug|Any CPU.Build.0 = Debug|Any CPU
		{43385E7A-6070-4DAC-B6D4-D472AE80B5F8}.Debug|x64.ActiveCfg = Debug|Any CPU
		{43385E7A-6070-4DAC-B6D4-D472AE80B5F8}.Debug|x64.Build.0 = Debug|Any CPU
		{43385E7A-6070-4DAC-B6D4-D472AE80B5F8}.Debug|x86.ActiveCfg = Debug|Any CPU
		{43385E7A-6070-4DAC-B6D4-D472AE80B5F8}.Debug|x86.Build.0 = Debug|Any CPU
		{43385E7A-6070-4DAC-B6D4-D472AE80B5F8}.Release|Any CPU.ActiveCfg = Release|Any CPU
		{43385E7A-6070-4DAC-B6D4-D472AE80B5F8}.Release|Any CPU.Build.0 = Release|Any CPU
		{43385E7A-6070-4DAC-B6D4-D472AE80B5F8}.Release|x64.ActiveCfg = Release|Any CPU
		{43385E7A-6070-4DAC-B6D4-D472AE80B5F8}.Release|x64.Build.0 = Release|Any CPU
		{43385E7A-6070-4DAC-B6D4-D472AE80B5F8}.Release|x86.ActiveCfg = Release|Any CPU
		{43385E7A-6070-4DAC-B6D4-D472AE80B5F8}.Release|x86.Build.0 = Release|Any CPU
		{88BED931-94E8-4F73-AA6C-F947AF9E4177}.Debug|Any CPU.ActiveCfg = Debug|Any CPU
		{88BED931-94E8-4F73-AA6C-F947AF9E4177}.Debug|Any CPU.Build.0 = Debug|Any CPU
		{88BED931-94E8-4F73-AA6C-F947AF9E4177}.Debug|x64.ActiveCfg = Debug|Any CPU
		{88BED931-94E8-4F73-AA6C-F947AF9E4177}.Debug|x64.Build.0 = Debug|Any CPU
		{88BED931-94E8-4F73-AA6C-F947AF9E4177}.Debug|x86.ActiveCfg = Debug|Any CPU
		{88BED931-94E8-4F73-AA6C-F947AF9E4177}.Debug|x86.Build.0 = Debug|Any CPU
		{88BED931-94E8-4F73-AA6C-F947AF9E4177}.Release|Any CPU.ActiveCfg = Release|Any CPU
		{88BED931-94E8-4F73-AA6C-F947AF9E4177}.Release|Any CPU.Build.0 = Release|Any CPU
		{88BED931-94E8-4F73-AA6C-F947AF9E4177}.Release|x64.ActiveCfg = Release|Any CPU
		{88BED931-94E8-4F73-AA6C-F947AF9E4177}.Release|x64.Build.0 = Release|Any CPU
		{88BED931-94E8-4F73-AA6C-F947AF9E4177}.Release|x86.ActiveCfg = Release|Any CPU
		{88BED931-94E8-4F73-AA6C-F947AF9E4177}.Release|x86.Build.0 = Release|Any CPU
		{60F865CB-7A66-4540-B493-9302557CDD9C}.Debug|Any CPU.ActiveCfg = Debug|Any CPU
		{60F865CB-7A66-4540-B493-9302557CDD9C}.Debug|Any CPU.Build.0 = Debug|Any CPU
		{60F865CB-7A66-4540-B493-9302557CDD9C}.Debug|x64.ActiveCfg = Debug|Any CPU
		{60F865CB-7A66-4540-B493-9302557CDD9C}.Debug|x64.Build.0 = Debug|Any CPU
		{60F865CB-7A66-4540-B493-9302557CDD9C}.Debug|x86.ActiveCfg = Debug|Any CPU
		{60F865CB-7A66-4540-B493-9302557CDD9C}.Debug|x86.Build.0 = Debug|Any CPU
		{60F865CB-7A66-4540-B493-9302557CDD9C}.Release|Any CPU.ActiveCfg = Release|Any CPU
		{60F865CB-7A66-4540-B493-9302557CDD9C}.Release|Any CPU.Build.0 = Release|Any CPU
		{60F865CB-7A66-4540-B493-9302557CDD9C}.Release|x64.ActiveCfg = Release|Any CPU
		{60F865CB-7A66-4540-B493-9302557CDD9C}.Release|x64.Build.0 = Release|Any CPU
		{60F865CB-7A66-4540-B493-9302557CDD9C}.Release|x86.ActiveCfg = Release|Any CPU
		{60F865CB-7A66-4540-B493-9302557CDD9C}.Release|x86.Build.0 = Release|Any CPU
		{60DE70E6-A048-4A27-80CE-FC5F5A6566E5}.Debug|Any CPU.ActiveCfg = Debug|Any CPU
		{60DE70E6-A048-4A27-80CE-FC5F5A6566E5}.Debug|Any CPU.Build.0 = Debug|Any CPU
		{60DE70E6-A048-4A27-80CE-FC5F5A6566E5}.Debug|x64.ActiveCfg = Debug|Any CPU
		{60DE70E6-A048-4A27-80CE-FC5F5A6566E5}.Debug|x64.Build.0 = Debug|Any CPU
		{60DE70E6-A048-4A27-80CE-FC5F5A6566E5}.Debug|x86.ActiveCfg = Debug|Any CPU
		{60DE70E6-A048-4A27-80CE-FC5F5A6566E5}.Debug|x86.Build.0 = Debug|Any CPU
		{60DE70E6-A048-4A27-80CE-FC5F5A6566E5}.Release|Any CPU.ActiveCfg = Release|Any CPU
		{60DE70E6-A048-4A27-80CE-FC5F5A6566E5}.Release|Any CPU.Build.0 = Release|Any CPU
		{60DE70E6-A048-4A27-80CE-FC5F5A6566E5}.Release|x64.ActiveCfg = Release|Any CPU
		{60DE70E6-A048-4A27-80CE-FC5F5A6566E5}.Release|x64.Build.0 = Release|Any CPU
		{60DE70E6-A048-4A27-80CE-FC5F5A6566E5}.Release|x86.ActiveCfg = Release|Any CPU
		{60DE70E6-A048-4A27-80CE-FC5F5A6566E5}.Release|x86.Build.0 = Release|Any CPU
		{A778458E-D56B-4722-B03E-8D2FBB6829CB}.Debug|Any CPU.ActiveCfg = Debug|Any CPU
		{A778458E-D56B-4722-B03E-8D2FBB6829CB}.Debug|Any CPU.Build.0 = Debug|Any CPU
		{A778458E-D56B-4722-B03E-8D2FBB6829CB}.Debug|x64.ActiveCfg = Debug|Any CPU
		{A778458E-D56B-4722-B03E-8D2FBB6829CB}.Debug|x64.Build.0 = Debug|Any CPU
		{A778458E-D56B-4722-B03E-8D2FBB6829CB}.Debug|x86.ActiveCfg = Debug|Any CPU
		{A778458E-D56B-4722-B03E-8D2FBB6829CB}.Debug|x86.Build.0 = Debug|Any CPU
		{A778458E-D56B-4722-B03E-8D2FBB6829CB}.Release|Any CPU.ActiveCfg = Release|Any CPU
		{A778458E-D56B-4722-B03E-8D2FBB6829CB}.Release|Any CPU.Build.0 = Release|Any CPU
		{A778458E-D56B-4722-B03E-8D2FBB6829CB}.Release|x64.ActiveCfg = Release|Any CPU
		{A778458E-D56B-4722-B03E-8D2FBB6829CB}.Release|x64.Build.0 = Release|Any CPU
		{A778458E-D56B-4722-B03E-8D2FBB6829CB}.Release|x86.ActiveCfg = Release|Any CPU
		{A778458E-D56B-4722-B03E-8D2FBB6829CB}.Release|x86.Build.0 = Release|Any CPU
		{B9DA834A-CDED-405F-AB25-2CDABA2E236A}.Debug|Any CPU.ActiveCfg = Debug|Any CPU
		{B9DA834A-CDED-405F-AB25-2CDABA2E236A}.Debug|Any CPU.Build.0 = Debug|Any CPU
		{B9DA834A-CDED-405F-AB25-2CDABA2E236A}.Debug|x64.ActiveCfg = Debug|Any CPU
		{B9DA834A-CDED-405F-AB25-2CDABA2E236A}.Debug|x64.Build.0 = Debug|Any CPU
		{B9DA834A-CDED-405F-AB25-2CDABA2E236A}.Debug|x86.ActiveCfg = Debug|Any CPU
		{B9DA834A-CDED-405F-AB25-2CDABA2E236A}.Debug|x86.Build.0 = Debug|Any CPU
		{B9DA834A-CDED-405F-AB25-2CDABA2E236A}.Release|Any CPU.ActiveCfg = Release|Any CPU
		{B9DA834A-CDED-405F-AB25-2CDABA2E236A}.Release|Any CPU.Build.0 = Release|Any CPU
		{B9DA834A-CDED-405F-AB25-2CDABA2E236A}.Release|x64.ActiveCfg = Release|Any CPU
		{B9DA834A-CDED-405F-AB25-2CDABA2E236A}.Release|x64.Build.0 = Release|Any CPU
		{B9DA834A-CDED-405F-AB25-2CDABA2E236A}.Release|x86.ActiveCfg = Release|Any CPU
		{B9DA834A-CDED-405F-AB25-2CDABA2E236A}.Release|x86.Build.0 = Release|Any CPU
		{28268E0A-9286-4D64-A163-EA843E67BED3}.Debug|Any CPU.ActiveCfg = Debug|Any CPU
		{28268E0A-9286-4D64-A163-EA843E67BED3}.Debug|Any CPU.Build.0 = Debug|Any CPU
		{28268E0A-9286-4D64-A163-EA843E67BED3}.Debug|x64.ActiveCfg = Debug|Any CPU
		{28268E0A-9286-4D64-A163-EA843E67BED3}.Debug|x64.Build.0 = Debug|Any CPU
		{28268E0A-9286-4D64-A163-EA843E67BED3}.Debug|x86.ActiveCfg = Debug|Any CPU
		{28268E0A-9286-4D64-A163-EA843E67BED3}.Debug|x86.Build.0 = Debug|Any CPU
		{28268E0A-9286-4D64-A163-EA843E67BED3}.Release|Any CPU.ActiveCfg = Release|Any CPU
		{28268E0A-9286-4D64-A163-EA843E67BED3}.Release|Any CPU.Build.0 = Release|Any CPU
		{28268E0A-9286-4D64-A163-EA843E67BED3}.Release|x64.ActiveCfg = Release|Any CPU
		{28268E0A-9286-4D64-A163-EA843E67BED3}.Release|x64.Build.0 = Release|Any CPU
		{28268E0A-9286-4D64-A163-EA843E67BED3}.Release|x86.ActiveCfg = Release|Any CPU
		{28268E0A-9286-4D64-A163-EA843E67BED3}.Release|x86.Build.0 = Release|Any CPU
		{E019E1C7-BD95-4EC4-BEDA-9E8727A2AC42}.Debug|Any CPU.ActiveCfg = Debug|Any CPU
		{E019E1C7-BD95-4EC4-BEDA-9E8727A2AC42}.Debug|Any CPU.Build.0 = Debug|Any CPU
		{E019E1C7-BD95-4EC4-BEDA-9E8727A2AC42}.Debug|x64.ActiveCfg = Debug|Any CPU
		{E019E1C7-BD95-4EC4-BEDA-9E8727A2AC42}.Debug|x64.Build.0 = Debug|Any CPU
		{E019E1C7-BD95-4EC4-BEDA-9E8727A2AC42}.Debug|x86.ActiveCfg = Debug|Any CPU
		{E019E1C7-BD95-4EC4-BEDA-9E8727A2AC42}.Debug|x86.Build.0 = Debug|Any CPU
		{E019E1C7-BD95-4EC4-BEDA-9E8727A2AC42}.Release|Any CPU.ActiveCfg = Release|Any CPU
		{E019E1C7-BD95-4EC4-BEDA-9E8727A2AC42}.Release|Any CPU.Build.0 = Release|Any CPU
		{E019E1C7-BD95-4EC4-BEDA-9E8727A2AC42}.Release|x64.ActiveCfg = Release|Any CPU
		{E019E1C7-BD95-4EC4-BEDA-9E8727A2AC42}.Release|x64.Build.0 = Release|Any CPU
		{E019E1C7-BD95-4EC4-BEDA-9E8727A2AC42}.Release|x86.ActiveCfg = Release|Any CPU
		{E019E1C7-BD95-4EC4-BEDA-9E8727A2AC42}.Release|x86.Build.0 = Release|Any CPU
		{07869E0C-EBB9-4625-B163-2A58EBAC97D4}.Debug|Any CPU.ActiveCfg = Debug|Any CPU
		{07869E0C-EBB9-4625-B163-2A58EBAC97D4}.Debug|Any CPU.Build.0 = Debug|Any CPU
		{07869E0C-EBB9-4625-B163-2A58EBAC97D4}.Debug|x64.ActiveCfg = Debug|Any CPU
		{07869E0C-EBB9-4625-B163-2A58EBAC97D4}.Debug|x64.Build.0 = Debug|Any CPU
		{07869E0C-EBB9-4625-B163-2A58EBAC97D4}.Debug|x86.ActiveCfg = Debug|Any CPU
		{07869E0C-EBB9-4625-B163-2A58EBAC97D4}.Debug|x86.Build.0 = Debug|Any CPU
		{07869E0C-EBB9-4625-B163-2A58EBAC97D4}.Release|Any CPU.ActiveCfg = Release|Any CPU
		{07869E0C-EBB9-4625-B163-2A58EBAC97D4}.Release|Any CPU.Build.0 = Release|Any CPU
		{07869E0C-EBB9-4625-B163-2A58EBAC97D4}.Release|x64.ActiveCfg = Release|Any CPU
		{07869E0C-EBB9-4625-B163-2A58EBAC97D4}.Release|x64.Build.0 = Release|Any CPU
		{07869E0C-EBB9-4625-B163-2A58EBAC97D4}.Release|x86.ActiveCfg = Release|Any CPU
		{07869E0C-EBB9-4625-B163-2A58EBAC97D4}.Release|x86.Build.0 = Release|Any CPU
		{9DB77391-584E-49C3-B31F-11D15D781966}.Debug|Any CPU.ActiveCfg = Debug|Any CPU
		{9DB77391-584E-49C3-B31F-11D15D781966}.Debug|Any CPU.Build.0 = Debug|Any CPU
		{9DB77391-584E-49C3-B31F-11D15D781966}.Debug|x64.ActiveCfg = Debug|Any CPU
		{9DB77391-584E-49C3-B31F-11D15D781966}.Debug|x64.Build.0 = Debug|Any CPU
		{9DB77391-584E-49C3-B31F-11D15D781966}.Debug|x86.ActiveCfg = Debug|Any CPU
		{9DB77391-584E-49C3-B31F-11D15D781966}.Debug|x86.Build.0 = Debug|Any CPU
		{9DB77391-584E-49C3-B31F-11D15D781966}.Release|Any CPU.ActiveCfg = Release|Any CPU
		{9DB77391-584E-49C3-B31F-11D15D781966}.Release|Any CPU.Build.0 = Release|Any CPU
		{9DB77391-584E-49C3-B31F-11D15D781966}.Release|x64.ActiveCfg = Release|Any CPU
		{9DB77391-584E-49C3-B31F-11D15D781966}.Release|x64.Build.0 = Release|Any CPU
		{9DB77391-584E-49C3-B31F-11D15D781966}.Release|x86.ActiveCfg = Release|Any CPU
		{9DB77391-584E-49C3-B31F-11D15D781966}.Release|x86.Build.0 = Release|Any CPU
		{7112091D-1B19-432C-BE54-4AC13833079A}.Debug|Any CPU.ActiveCfg = Debug|Any CPU
		{7112091D-1B19-432C-BE54-4AC13833079A}.Debug|Any CPU.Build.0 = Debug|Any CPU
		{7112091D-1B19-432C-BE54-4AC13833079A}.Debug|x64.ActiveCfg = Debug|Any CPU
		{7112091D-1B19-432C-BE54-4AC13833079A}.Debug|x64.Build.0 = Debug|Any CPU
		{7112091D-1B19-432C-BE54-4AC13833079A}.Debug|x86.ActiveCfg = Debug|Any CPU
		{7112091D-1B19-432C-BE54-4AC13833079A}.Debug|x86.Build.0 = Debug|Any CPU
		{7112091D-1B19-432C-BE54-4AC13833079A}.Release|Any CPU.ActiveCfg = Release|Any CPU
		{7112091D-1B19-432C-BE54-4AC13833079A}.Release|Any CPU.Build.0 = Release|Any CPU
		{7112091D-1B19-432C-BE54-4AC13833079A}.Release|x64.ActiveCfg = Release|Any CPU
		{7112091D-1B19-432C-BE54-4AC13833079A}.Release|x64.Build.0 = Release|Any CPU
		{7112091D-1B19-432C-BE54-4AC13833079A}.Release|x86.ActiveCfg = Release|Any CPU
		{7112091D-1B19-432C-BE54-4AC13833079A}.Release|x86.Build.0 = Release|Any CPU
		{3D4CB86F-8D70-4AB3-9FCD-A71CBAE878B0}.Debug|Any CPU.ActiveCfg = Debug|Any CPU
		{3D4CB86F-8D70-4AB3-9FCD-A71CBAE878B0}.Debug|Any CPU.Build.0 = Debug|Any CPU
		{3D4CB86F-8D70-4AB3-9FCD-A71CBAE878B0}.Debug|x64.ActiveCfg = Debug|Any CPU
		{3D4CB86F-8D70-4AB3-9FCD-A71CBAE878B0}.Debug|x64.Build.0 = Debug|Any CPU
		{3D4CB86F-8D70-4AB3-9FCD-A71CBAE878B0}.Debug|x86.ActiveCfg = Debug|Any CPU
		{3D4CB86F-8D70-4AB3-9FCD-A71CBAE878B0}.Debug|x86.Build.0 = Debug|Any CPU
		{3D4CB86F-8D70-4AB3-9FCD-A71CBAE878B0}.Release|Any CPU.ActiveCfg = Release|Any CPU
		{3D4CB86F-8D70-4AB3-9FCD-A71CBAE878B0}.Release|Any CPU.Build.0 = Release|Any CPU
		{3D4CB86F-8D70-4AB3-9FCD-A71CBAE878B0}.Release|x64.ActiveCfg = Release|Any CPU
		{3D4CB86F-8D70-4AB3-9FCD-A71CBAE878B0}.Release|x64.Build.0 = Release|Any CPU
		{3D4CB86F-8D70-4AB3-9FCD-A71CBAE878B0}.Release|x86.ActiveCfg = Release|Any CPU
		{3D4CB86F-8D70-4AB3-9FCD-A71CBAE878B0}.Release|x86.Build.0 = Release|Any CPU
		{7A8BBCAE-2CAC-4A20-8B56-0D07280CD258}.Debug|Any CPU.ActiveCfg = Debug|Any CPU
		{7A8BBCAE-2CAC-4A20-8B56-0D07280CD258}.Debug|Any CPU.Build.0 = Debug|Any CPU
		{7A8BBCAE-2CAC-4A20-8B56-0D07280CD258}.Debug|x64.ActiveCfg = Debug|Any CPU
		{7A8BBCAE-2CAC-4A20-8B56-0D07280CD258}.Debug|x64.Build.0 = Debug|Any CPU
		{7A8BBCAE-2CAC-4A20-8B56-0D07280CD258}.Debug|x86.ActiveCfg = Debug|Any CPU
		{7A8BBCAE-2CAC-4A20-8B56-0D07280CD258}.Debug|x86.Build.0 = Debug|Any CPU
		{7A8BBCAE-2CAC-4A20-8B56-0D07280CD258}.Release|Any CPU.ActiveCfg = Release|Any CPU
		{7A8BBCAE-2CAC-4A20-8B56-0D07280CD258}.Release|Any CPU.Build.0 = Release|Any CPU
		{7A8BBCAE-2CAC-4A20-8B56-0D07280CD258}.Release|x64.ActiveCfg = Release|Any CPU
		{7A8BBCAE-2CAC-4A20-8B56-0D07280CD258}.Release|x64.Build.0 = Release|Any CPU
		{7A8BBCAE-2CAC-4A20-8B56-0D07280CD258}.Release|x86.ActiveCfg = Release|Any CPU
		{7A8BBCAE-2CAC-4A20-8B56-0D07280CD258}.Release|x86.Build.0 = Release|Any CPU
		{F7C5BDE1-F570-497C-AA53-D01D3B843D41}.Debug|Any CPU.ActiveCfg = Debug|Any CPU
		{F7C5BDE1-F570-497C-AA53-D01D3B843D41}.Debug|Any CPU.Build.0 = Debug|Any CPU
		{F7C5BDE1-F570-497C-AA53-D01D3B843D41}.Debug|x64.ActiveCfg = Debug|Any CPU
		{F7C5BDE1-F570-497C-AA53-D01D3B843D41}.Debug|x64.Build.0 = Debug|Any CPU
		{F7C5BDE1-F570-497C-AA53-D01D3B843D41}.Debug|x86.ActiveCfg = Debug|Any CPU
		{F7C5BDE1-F570-497C-AA53-D01D3B843D41}.Debug|x86.Build.0 = Debug|Any CPU
		{F7C5BDE1-F570-497C-AA53-D01D3B843D41}.Release|Any CPU.ActiveCfg = Release|Any CPU
		{F7C5BDE1-F570-497C-AA53-D01D3B843D41}.Release|Any CPU.Build.0 = Release|Any CPU
		{F7C5BDE1-F570-497C-AA53-D01D3B843D41}.Release|x64.ActiveCfg = Release|Any CPU
		{F7C5BDE1-F570-497C-AA53-D01D3B843D41}.Release|x64.Build.0 = Release|Any CPU
		{F7C5BDE1-F570-497C-AA53-D01D3B843D41}.Release|x86.ActiveCfg = Release|Any CPU
		{F7C5BDE1-F570-497C-AA53-D01D3B843D41}.Release|x86.Build.0 = Release|Any CPU
		{79DD9BAE-F5CF-4740-9241-103D8FBAA4DE}.Debug|Any CPU.ActiveCfg = Debug|Any CPU
		{79DD9BAE-F5CF-4740-9241-103D8FBAA4DE}.Debug|Any CPU.Build.0 = Debug|Any CPU
		{79DD9BAE-F5CF-4740-9241-103D8FBAA4DE}.Debug|x64.ActiveCfg = Debug|Any CPU
		{79DD9BAE-F5CF-4740-9241-103D8FBAA4DE}.Debug|x64.Build.0 = Debug|Any CPU
		{79DD9BAE-F5CF-4740-9241-103D8FBAA4DE}.Debug|x86.ActiveCfg = Debug|Any CPU
		{79DD9BAE-F5CF-4740-9241-103D8FBAA4DE}.Debug|x86.Build.0 = Debug|Any CPU
		{79DD9BAE-F5CF-4740-9241-103D8FBAA4DE}.Release|Any CPU.ActiveCfg = Release|Any CPU
		{79DD9BAE-F5CF-4740-9241-103D8FBAA4DE}.Release|Any CPU.Build.0 = Release|Any CPU
		{79DD9BAE-F5CF-4740-9241-103D8FBAA4DE}.Release|x64.ActiveCfg = Release|Any CPU
		{79DD9BAE-F5CF-4740-9241-103D8FBAA4DE}.Release|x64.Build.0 = Release|Any CPU
		{79DD9BAE-F5CF-4740-9241-103D8FBAA4DE}.Release|x86.ActiveCfg = Release|Any CPU
		{79DD9BAE-F5CF-4740-9241-103D8FBAA4DE}.Release|x86.Build.0 = Release|Any CPU
		{E14CA43E-7576-4073-83CA-22BE6A8D0B26}.Debug|Any CPU.ActiveCfg = Debug|Any CPU
		{E14CA43E-7576-4073-83CA-22BE6A8D0B26}.Debug|Any CPU.Build.0 = Debug|Any CPU
		{E14CA43E-7576-4073-83CA-22BE6A8D0B26}.Debug|x64.ActiveCfg = Debug|Any CPU
		{E14CA43E-7576-4073-83CA-22BE6A8D0B26}.Debug|x64.Build.0 = Debug|Any CPU
		{E14CA43E-7576-4073-83CA-22BE6A8D0B26}.Debug|x86.ActiveCfg = Debug|Any CPU
		{E14CA43E-7576-4073-83CA-22BE6A8D0B26}.Debug|x86.Build.0 = Debug|Any CPU
		{E14CA43E-7576-4073-83CA-22BE6A8D0B26}.Release|Any CPU.ActiveCfg = Release|Any CPU
		{E14CA43E-7576-4073-83CA-22BE6A8D0B26}.Release|Any CPU.Build.0 = Release|Any CPU
		{E14CA43E-7576-4073-83CA-22BE6A8D0B26}.Release|x64.ActiveCfg = Release|Any CPU
		{E14CA43E-7576-4073-83CA-22BE6A8D0B26}.Release|x64.Build.0 = Release|Any CPU
		{E14CA43E-7576-4073-83CA-22BE6A8D0B26}.Release|x86.ActiveCfg = Release|Any CPU
		{E14CA43E-7576-4073-83CA-22BE6A8D0B26}.Release|x86.Build.0 = Release|Any CPU
	EndGlobalSection
	GlobalSection(SolutionProperties) = preSolution
		HideSolutionNode = FALSE
	EndGlobalSection
	GlobalSection(NestedProjects) = preSolution
		{43385E7A-6070-4DAC-B6D4-D472AE80B5F8} = {7E66F5BF-E900-47C9-B96C-87A5C162A254}
		{88BED931-94E8-4F73-AA6C-F947AF9E4177} = {B402B1A9-7120-4FD6-A0D7-2D4F061E2C6D}
		{60F865CB-7A66-4540-B493-9302557CDD9C} = {B402B1A9-7120-4FD6-A0D7-2D4F061E2C6D}
		{60DE70E6-A048-4A27-80CE-FC5F5A6566E5} = {B402B1A9-7120-4FD6-A0D7-2D4F061E2C6D}
		{A778458E-D56B-4722-B03E-8D2FBB6829CB} = {3D30E8A9-61F3-46A7-BA3F-40C954AF9A96}
		{B9DA834A-CDED-405F-AB25-2CDABA2E236A} = {B66954EC-A220-4097-943B-35AD36DE55BD}
		{28268E0A-9286-4D64-A163-EA843E67BED3} = {B402B1A9-7120-4FD6-A0D7-2D4F061E2C6D}
		{E019E1C7-BD95-4EC4-BEDA-9E8727A2AC42} = {3C60BDEA-A553-460F-AC0C-A083A913219C}
		{07869E0C-EBB9-4625-B163-2A58EBAC97D4} = {3C60BDEA-A553-460F-AC0C-A083A913219C}
		{9DB77391-584E-49C3-B31F-11D15D781966} = {3C60BDEA-A553-460F-AC0C-A083A913219C}
		{7112091D-1B19-432C-BE54-4AC13833079A} = {B1F91035-57CE-4894-8357-E68A0B67332D}
		{3D4CB86F-8D70-4AB3-9FCD-A71CBAE878B0} = {B1F91035-57CE-4894-8357-E68A0B67332D}
		{7A8BBCAE-2CAC-4A20-8B56-0D07280CD258} = {01384AC0-0834-4271-B1F4-AE998A51AF5C}
		{F7C5BDE1-F570-497C-AA53-D01D3B843D41} = {B402B1A9-7120-4FD6-A0D7-2D4F061E2C6D}
		{79DD9BAE-F5CF-4740-9241-103D8FBAA4DE} = {3C60BDEA-A553-460F-AC0C-A083A913219C}
		{E14CA43E-7576-4073-83CA-22BE6A8D0B26} = {B402B1A9-7120-4FD6-A0D7-2D4F061E2C6D}
	EndGlobalSection
	GlobalSection(ExtensibilityGlobals) = postSolution
		SolutionGuid = {F01D4CEC-58DC-4C44-A61C-1F235827BC56}
	EndGlobalSection
EndGlobal
